# This file is generated by running "yarn install" inside your project.
# Manual changes might be lost - proceed with caution!

__metadata:
  version: 6
  cacheKey: 8

"@mapbox/geojson-rewind@npm:^0.5.2":
  version: 0.5.2
  resolution: "@mapbox/geojson-rewind@npm:0.5.2"
  dependencies:
    get-stream: ^6.0.1
    minimist: ^1.2.6
  bin:
    geojson-rewind: geojson-rewind
  checksum: 721470ab5e8912d69aef06fa4db891bade8b028d6708a35a982b1dfec0f40eb4ba05a749258867f5844cf4e776e53866813bf9c97e3289054b21cbf7840d3608
  languageName: node
  linkType: hard

"@mapbox/jsonlint-lines-primitives@npm:^2.0.2, @mapbox/jsonlint-lines-primitives@npm:~2.0.2":
  version: 2.0.2
  resolution: "@mapbox/jsonlint-lines-primitives@npm:2.0.2"
  checksum: 4eb31edd3ccff530f7b687ddc6d813d6e24fc66e9a563460882e7861b49f9331c5ded6fd7e927b37affbbd98f83bff1f7b916119044f1931df03c6ffedba2cfb
  languageName: node
  linkType: hard

"@mapbox/point-geometry@npm:0.1.0, @mapbox/point-geometry@npm:^0.1.0, @mapbox/point-geometry@npm:~0.1.0":
  version: 0.1.0
  resolution: "@mapbox/point-geometry@npm:0.1.0"
  checksum: ed41c1ce0140de81039424415d9a199abba72cdb2287314e1b8c3e295da3224f7e8c1b0ae99a9b097703e7abe63e1978a518e29896989cc8bba3d482360bc22f
  languageName: node
  linkType: hard

"@mapbox/tiny-sdf@npm:^2.0.6":
  version: 2.0.6
  resolution: "@mapbox/tiny-sdf@npm:2.0.6"
  checksum: efff5b5a7599aaa995e3c2fd8f2acd071226096458eebb694ffd7258043c46c52b1d09bb3c7343d2126eb257b3cd7d34e6dc7ccaaad7619e6f3e7dd76229a3cd
  languageName: node
  linkType: hard

"@mapbox/unitbezier@npm:^0.0.1":
  version: 0.0.1
  resolution: "@mapbox/unitbezier@npm:0.0.1"
  checksum: bf104c85dbff37bf47d3217d9457a3abbf23714f78fefadea64e56bdc7c538491b626166809ef28db134f09baccd6ca3df6988a6422df90d8d0c9a23b0686043
  languageName: node
  linkType: hard

"@mapbox/vector-tile@npm:^1.3.1":
  version: 1.3.1
  resolution: "@mapbox/vector-tile@npm:1.3.1"
  dependencies:
    "@mapbox/point-geometry": ~0.1.0
  checksum: 7093d4fa7d0382a0eae9d79526c5ad57c32099300b013d3afb4ab7499ac2a096f6f0a487cc81151ef81e0432a4b157513666b1592a4a4c1497341cde835551aa
  languageName: node
  linkType: hard

"@mapbox/whoots-js@npm:^3.1.0":
  version: 3.1.0
  resolution: "@mapbox/whoots-js@npm:3.1.0"
  checksum: c1837c04effd205b207f441356d952eae7e8aad6c58f7c4900de50318c2147cf175936fc9434f20dfa409f9e6a78ec604d61e70c1c20572db0cc7655fbb65f50
  languageName: node
  linkType: hard

"@maplibre/maplibre-gl-style-spec@npm:^19.2.1, @maplibre/maplibre-gl-style-spec@npm:^19.3.0":
  version: 19.3.0
  resolution: "@maplibre/maplibre-gl-style-spec@npm:19.3.0"
  dependencies:
    "@mapbox/jsonlint-lines-primitives": ~2.0.2
    "@mapbox/unitbezier": ^0.0.1
    json-stringify-pretty-compact: ^3.0.0
    minimist: ^1.2.8
    rw: ^1.3.3
    sort-object: ^3.0.3
  bin:
    gl-style-format: dist/gl-style-format.mjs
    gl-style-migrate: dist/gl-style-migrate.mjs
    gl-style-validate: dist/gl-style-validate.mjs
  checksum: bec1e2da07cace76fe82f2377765655a734d9c1e165d67c65ab6a4bb06251db4920115efb224f6a6606e78a33975542b2c7055b99bc9bb40bfcb9b2cf283493d
  languageName: node
  linkType: hard

"@types/geojson@npm:*, @types/geojson@npm:^7946.0.10":
  version: 7946.0.10
  resolution: "@types/geojson@npm:7946.0.10"
  checksum: 12c407c2dc93ecb26c08af533ee732f1506a9b29456616ba7ba1d525df96206c28ddf44a528f6a5415d7d22893e9d967420940a9c095ee5e539c1eba5fefc1f4
  languageName: node
  linkType: hard

"@types/mapbox-gl@npm:>=1.0.0":
  version: 2.7.13
  resolution: "@types/mapbox-gl@npm:2.7.13"
  dependencies:
    "@types/geojson": "*"
  checksum: b584222588a3e0fdd9fde3fe6563b7c7b5c274f892e3de00754fe18bca3fa2e2ba80c82cfdf00431fb6409bddc1567e7acd9553a41ce031bddb6992771072fc9
  languageName: node
  linkType: hard

"@types/mapbox__point-geometry@npm:*, @types/mapbox__point-geometry@npm:^0.1.2":
  version: 0.1.2
  resolution: "@types/mapbox__point-geometry@npm:0.1.2"
  checksum: 6e495e5d7e1fae986ab28ee26b5443b9e6ba54ad97c9df051832ab6e2aafc65fe63d4dd80101c922372fa01423b6947fdcfd253f298b3154418c17e7d3a8aa47
  languageName: node
  linkType: hard

"@types/mapbox__vector-tile@npm:^1.3.0":
  version: 1.3.0
  resolution: "@types/mapbox__vector-tile@npm:1.3.0"
  dependencies:
    "@types/geojson": "*"
    "@types/mapbox__point-geometry": "*"
    "@types/pbf": "*"
  checksum: 42fbeba625b6cb3bad47ea79b947aea2a1e32d0620b2f2e17a45cc075ca3be2990697115dd4896d84f11df7c0a9a3533ee76414745b8fd29cb311677b1c6832f
  languageName: node
  linkType: hard

"@types/pbf@npm:*, @types/pbf@npm:^3.0.2":
  version: 3.0.2
  resolution: "@types/pbf@npm:3.0.2"
  checksum: f71ba1facd44a43bd32d4391177099cab69b2ae8381a260382287a4f7f255565d39fa0cf5da27fd2820fc923ead245d50a668824aaa423f908838813802d47f5
  languageName: node
  linkType: hard

"@types/prop-types@npm:*":
  version: 15.7.4
  resolution: "@types/prop-types@npm:15.7.4"
  checksum: ef6e1899e59b876c273811b1bd845022fc66d5a3d11cb38a25b6c566b30514ae38fe20a40f67622f362a4f4f7f9224e22d8da101cff3d6e97e11d7b4c307cfc1
  languageName: node
  linkType: hard

"@types/react@npm:>=16.8.0":
  version: 18.2.21
  resolution: "@types/react@npm:18.2.21"
  dependencies:
    "@types/prop-types": "*"
    "@types/scheduler": "*"
    csstype: ^3.0.2
  checksum: ffed203bfe7aad772b8286f7953305c9181ac3a8f27d3f5400fbbc2a8e27ca8e5bbff818ee014f39ca0d19d2b3bb154e5bdbec7e232c6f80b59069375aa78349
  languageName: node
  linkType: hard

"@types/scheduler@npm:*":
  version: 0.16.2
  resolution: "@types/scheduler@npm:0.16.2"
  checksum: b6b4dcfeae6deba2e06a70941860fb1435730576d3689225a421280b7742318d1548b3d22c1f66ab68e414f346a9542f29240bc955b6332c5b11e561077583bc
  languageName: node
  linkType: hard

"@types/supercluster@npm:^7.1.0":
  version: 7.1.0
  resolution: "@types/supercluster@npm:7.1.0"
  dependencies:
    "@types/geojson": "*"
  checksum: 029aba15871ac16855c8813bde35ca773f20996448647567b62f103f58a5979d852fb79066d895cb642913d28cb72ebbed6149bcca8c7f4b8b162062998fd640
  languageName: node
  linkType: hard

"arr-union@npm:^3.1.0":
  version: 3.1.0
  resolution: "arr-union@npm:3.1.0"
  checksum: b5b0408c6eb7591143c394f3be082fee690ddd21f0fdde0a0a01106799e847f67fcae1b7e56b0a0c173290e29c6aca9562e82b300708a268bc8f88f3d6613cb9
  languageName: node
  linkType: hard

"assign-symbols@npm:^1.0.0":
  version: 1.0.0
  resolution: "assign-symbols@npm:1.0.0"
  checksum: c0eb895911d05b6b2d245154f70461c5e42c107457972e5ebba38d48967870dee53bcdf6c7047990586daa80fab8dab3cc6300800fbd47b454247fdedd859a2c
  languageName: node
  linkType: hard

"bytewise-core@npm:^1.2.2":
  version: 1.2.3
  resolution: "bytewise-core@npm:1.2.3"
  dependencies:
    typewise-core: ^1.2
  checksum: e0d28fb7ff5bb6fd9320eef31c6b37e98da3b9a24d9893e2c17e0ee544457e0c76c2d3fc642c99d82daa0f18dcd49e7dce8dcc338711200e9ced79107cb78e8e
  languageName: node
  linkType: hard

"bytewise@npm:^1.1.0":
  version: 1.1.0
  resolution: "bytewise@npm:1.1.0"
  dependencies:
    bytewise-core: ^1.2.2
    typewise: ^1.0.3
  checksum: 20d7387ecf8c29adc4740e626fb02eaa27f34ae4c5ca881657d403e792730c0625ba4fed824462b3ddb7d3ebe41b7abbfe24f1cd3bf07cecc5a631f154d2d8d2
  languageName: node
  linkType: hard

"csstype@npm:^3.0.2":
  version: 3.0.11
  resolution: "csstype@npm:3.0.11"
  checksum: 95e56abfe9ca219ae065acb4e43f61771a03170eed919127f558dfa168240867aba7629c8d98a201a0dd06d9a5ce82686f0570031c928516c61816adbc7c877f
  languageName: node
  linkType: hard

"dequal@npm:^2.0.3":
  version: 2.0.3
  resolution: "dequal@npm:2.0.3"
  checksum: 8679b850e1a3d0ebbc46ee780d5df7b478c23f335887464023a631d1b9af051ad4a6595a44220f9ff8ff95a8ddccf019b5ad778a976fd7bbf77383d36f412f90
  languageName: node
  linkType: hard

"earcut@npm:^2.2.4":
  version: 2.2.4
  resolution: "earcut@npm:2.2.4"
  checksum: aea0466cb2f24e0c3c57148d8d28ac9846f53c4f43ee66780826474303ac851b305ef988152d0bdeb31e8f7ca939dc0df737e7505cfb1c1bdf2ff9d7f9ea2faa
  languageName: node
  linkType: hard

"extend-shallow@npm:^2.0.1":
  version: 2.0.1
  resolution: "extend-shallow@npm:2.0.1"
  dependencies:
    is-extendable: ^0.1.0
  checksum: 8fb58d9d7a511f4baf78d383e637bd7d2e80843bd9cd0853649108ea835208fb614da502a553acc30208e1325240bb7cc4a68473021612496bb89725483656d8
  languageName: node
  linkType: hard

"extend-shallow@npm:^3.0.0":
  version: 3.0.2
  resolution: "extend-shallow@npm:3.0.2"
  dependencies:
    assign-symbols: ^1.0.0
    is-extendable: ^1.0.1
  checksum: a920b0cd5838a9995ace31dfd11ab5e79bf6e295aa566910ce53dff19f4b1c0fda2ef21f26b28586c7a2450ca2b42d97bd8c0f5cec9351a819222bf861e02461
  languageName: node
  linkType: hard

"geojson-vt@npm:^3.2.1":
  version: 3.2.1
  resolution: "geojson-vt@npm:3.2.1"
  checksum: 7c7973cfaf9e3bb1c1dc9578ec00e602efb6f8d57f4dd7f6b28baeb7825bcaeb1684018b850211e333ab4b90a4a89a02ff7793732c505d67101ccbc38e307e02
  languageName: node
  linkType: hard

"get-stream@npm:^6.0.1":
  version: 6.0.1
  resolution: "get-stream@npm:6.0.1"
  checksum: e04ecece32c92eebf5b8c940f51468cd53554dcbb0ea725b2748be583c9523d00128137966afce410b9b051eb2ef16d657cd2b120ca8edafcf5a65e81af63cad
  languageName: node
  linkType: hard

"get-value@npm:^2.0.2, get-value@npm:^2.0.6":
  version: 2.0.6
  resolution: "get-value@npm:2.0.6"
  checksum: 5c3b99cb5398ea8016bf46ff17afc5d1d286874d2ad38ca5edb6e87d75c0965b0094cb9a9dddef2c59c23d250702323539a7fbdd870620db38c7e7d7ec87c1eb
  languageName: node
  linkType: hard

"gl-matrix@npm:^3.4.3":
  version: 3.4.3
  resolution: "gl-matrix@npm:3.4.3"
  checksum: c47830ba727f3d0fab635c48135af96aef66274079a3e0afd6f68b68c98eae9fc1bcfdc7312fe2301e4fd22dd24c5e0f1b5d025960a208e50d07101ed8d940f9
  languageName: node
  linkType: hard

"global-prefix@npm:^3.0.0":
  version: 3.0.0
  resolution: "global-prefix@npm:3.0.0"
  dependencies:
    ini: ^1.3.5
    kind-of: ^6.0.2
    which: ^1.3.1
  checksum: 8a82fc1d6f22c45484a4e34656cc91bf021a03e03213b0035098d605bfc612d7141f1e14a21097e8a0413b4884afd5b260df0b6a25605ce9d722e11f1df2881d
  languageName: node
  linkType: hard

"ieee754@npm:^1.1.12":
  version: 1.2.1
  resolution: "ieee754@npm:1.2.1"
  checksum: 5144c0c9815e54ada181d80a0b810221a253562422e7c6c3a60b1901154184f49326ec239d618c416c1c5945a2e197107aee8d986a3dd836b53dffefd99b5e7e
  languageName: node
  linkType: hard

"ini@npm:^1.3.5":
  version: 1.3.8
  resolution: "ini@npm:1.3.8"
  checksum: dfd98b0ca3a4fc1e323e38a6c8eb8936e31a97a918d3b377649ea15bdb15d481207a0dda1021efbd86b464cae29a0d33c1d7dcaf6c5672bee17fa849bc50a1b3
  languageName: node
  linkType: hard

"is-extendable@npm:^0.1.0, is-extendable@npm:^0.1.1":
  version: 0.1.1
  resolution: "is-extendable@npm:0.1.1"
  checksum: 3875571d20a7563772ecc7a5f36cb03167e9be31ad259041b4a8f73f33f885441f778cee1f1fe0085eb4bc71679b9d8c923690003a36a6a5fdf8023e6e3f0672
  languageName: node
  linkType: hard

"is-extendable@npm:^1.0.1":
  version: 1.0.1
  resolution: "is-extendable@npm:1.0.1"
  dependencies:
    is-plain-object: ^2.0.4
  checksum: db07bc1e9de6170de70eff7001943691f05b9d1547730b11be01c0ebfe67362912ba743cf4be6fd20a5e03b4180c685dad80b7c509fe717037e3eee30ad8e84f
  languageName: node
  linkType: hard

"is-plain-object@npm:^2.0.3, is-plain-object@npm:^2.0.4":
  version: 2.0.4
  resolution: "is-plain-object@npm:2.0.4"
  dependencies:
    isobject: ^3.0.1
  checksum: 2a401140cfd86cabe25214956ae2cfee6fbd8186809555cd0e84574f88de7b17abacb2e477a6a658fa54c6083ecbda1e6ae404c7720244cd198903848fca70ca
  languageName: node
  linkType: hard

"isexe@npm:^2.0.0":
  version: 2.0.0
  resolution: "isexe@npm:2.0.0"
  checksum: 26bf6c5480dda5161c820c5b5c751ae1e766c587b1f951ea3fcfc973bafb7831ae5b54a31a69bd670220e42e99ec154475025a468eae58ea262f813fdc8d1c62
  languageName: node
  linkType: hard

"isobject@npm:^3.0.1":
  version: 3.0.1
  resolution: "isobject@npm:3.0.1"
  checksum: db85c4c970ce30693676487cca0e61da2ca34e8d4967c2e1309143ff910c207133a969f9e4ddb2dc6aba670aabce4e0e307146c310350b298e74a31f7d464703
  languageName: node
  linkType: hard

"js-tokens@npm:^3.0.0 || ^4.0.0":
  version: 4.0.0
  resolution: "js-tokens@npm:4.0.0"
  checksum: 8a95213a5a77deb6cbe94d86340e8d9ace2b93bc367790b260101d2f36a2eaf4e4e22d9fa9cf459b38af3a32fb4190e638024cf82ec95ef708680e405ea7cc78
  languageName: node
  linkType: hard

"json-stringify-pretty-compact@npm:^3.0.0":
  version: 3.0.0
  resolution: "json-stringify-pretty-compact@npm:3.0.0"
  checksum: 01ab5c5c8260299414868d96db97f53aef93c290fe469edd9a1363818e795006e01c952fa2fd7b47cbbab506d5768998eccc25e1da4fa2ccfebd1788c6098791
  languageName: node
  linkType: hard

"kdbush@npm:^4.0.2":
  version: 4.0.2
  resolution: "kdbush@npm:4.0.2"
  checksum: 6782ef2cdaec9322376b9955a16b0163beda0cefa2f87da76e8970ade2572d8b63bec915347aaeac609484b0c6e84d7b591f229ef353b68b460238095bacde2d
  languageName: node
  linkType: hard

"kind-of@npm:^6.0.2":
  version: 6.0.3
  resolution: "kind-of@npm:6.0.3"
  checksum: 3ab01e7b1d440b22fe4c31f23d8d38b4d9b91d9f291df683476576493d5dfd2e03848a8b05813dd0c3f0e835bc63f433007ddeceb71f05cb25c45ae1b19c6d3b
  languageName: node
  linkType: hard

"loose-envify@npm:^1.1.0":
  version: 1.4.0
  resolution: "loose-envify@npm:1.4.0"
  dependencies:
    js-tokens: ^3.0.0 || ^4.0.0
  bin:
    loose-envify: cli.js
  checksum: 6517e24e0cad87ec9888f500c5b5947032cdfe6ef65e1c1936a0c48a524b81e65542c9c3edc91c97d5bddc806ee2a985dbc79be89215d613b1de5db6d1cfe6f4
  languageName: node
  linkType: hard

"maplibre-gl@npm:^3.3.0":
  version: 3.3.0
  resolution: "maplibre-gl@npm:3.3.0"
  dependencies:
    "@mapbox/geojson-rewind": ^0.5.2
    "@mapbox/jsonlint-lines-primitives": ^2.0.2
    "@mapbox/point-geometry": ^0.1.0
    "@mapbox/tiny-sdf": ^2.0.6
    "@mapbox/unitbezier": ^0.0.1
    "@mapbox/vector-tile": ^1.3.1
    "@mapbox/whoots-js": ^3.1.0
    "@maplibre/maplibre-gl-style-spec": ^19.3.0
    "@types/geojson": ^7946.0.10
    "@types/mapbox__point-geometry": ^0.1.2
    "@types/mapbox__vector-tile": ^1.3.0
    "@types/pbf": ^3.0.2
    "@types/supercluster": ^7.1.0
    earcut: ^2.2.4
    geojson-vt: ^3.2.1
    gl-matrix: ^3.4.3
    global-prefix: ^3.0.0
    kdbush: ^4.0.2
    murmurhash-js: ^1.0.0
    pbf: ^3.2.1
    potpack: ^2.0.0
    quickselect: ^2.0.0
    supercluster: ^8.0.1
    tinyqueue: ^2.0.3
    vt-pbf: ^3.1.3
  checksum: 21d640ea359aec5039ac0eec2d9a31b9054f5370f4ad423c79531d7ad0fff3b7cd9318adbad6f0e90fa2640b9bfe7d3eb5c040c8db210c6b9cae409d01c09399
  languageName: node
  linkType: hard

"minimist@npm:^1.2.6, minimist@npm:^1.2.8":
  version: 1.2.8
  resolution: "minimist@npm:1.2.8"
  checksum: 75a6d645fb122dad29c06a7597bddea977258957ed88d7a6df59b5cd3fe4a527e253e9bbf2e783e4b73657f9098b96a5fe96ab8a113655d4109108577ecf85b0
  languageName: node
  linkType: hard

"murmurhash-js@npm:^1.0.0":
  version: 1.0.0
  resolution: "murmurhash-js@npm:1.0.0"
  checksum: 083cea92a11bc9eb25be1446fc92eded3f49731bc1ad34fa8023afd68c234d1dd59458d70eb20e667b1383bedeeb8dfb1a16c89913b6ffe3584fd22fb598739d
  languageName: node
  linkType: hard

"pbf@npm:^3.2.1":
  version: 3.2.1
  resolution: "pbf@npm:3.2.1"
  dependencies:
    ieee754: ^1.1.12
    resolve-protobuf-schema: ^2.1.0
  bin:
    pbf: bin/pbf
  checksum: 8033f5e21fffdc485e85d50bbff07ab3313c6841c3630a4ba9bc9e82d2e9005ab92000a1a90cb911223caa44316293e367bab607dd8110d5c771e6c8aaad63e1
  languageName: node
  linkType: hard

"potpack@npm:^2.0.0":
  version: 2.0.0
  resolution: "potpack@npm:2.0.0"
  checksum: 6dd41692349936b436c29c28cf9ff1268c03ed6ec96c4384b2d9eb95e58e422fab75d428648f475507dd167934984d1002df2010b83e5747b5c358bea371e8f7
  languageName: node
  linkType: hard

"prettier@npm:^3.0.2":
  version: 3.0.2
  resolution: "prettier@npm:3.0.2"
  bin:
    prettier: bin/prettier.cjs
  checksum: 118b59ddb6c80abe2315ab6d0f4dd1b253be5cfdb20622fa5b65bb1573dcd362e6dd3dcf2711dd3ebfe64aecf7bdc75de8a69dc2422dcd35bdde7610586b677a
  languageName: node
  linkType: hard

"protocol-buffers-schema@npm:^3.3.1":
  version: 3.6.0
  resolution: "protocol-buffers-schema@npm:3.6.0"
  checksum: 8713b5770f6745ddbcdf3bbd03ee020624d506233bb567927a6615a6f69a5bd620a5f49597f34f4115792b853a4c9cb9e2d5d6b930a1c04bf198023e45c1c349
  languageName: node
  linkType: hard

"quickselect@npm:^2.0.0":
  version: 2.0.0
  resolution: "quickselect@npm:2.0.0"
  checksum: ed2e78431050d223fb75da20ee98011aef1a03f7cb04e1a32ee893402e640be3cfb76d72e9dbe01edf3bb457ff6a62e5c2d85748424d1aa531f6ba50daef098c
  languageName: node
  linkType: hard

"react-map-gl-supercluster@workspace:.":
  version: 0.0.0-use.local
  resolution: "react-map-gl-supercluster@workspace:."
  dependencies:
    "@types/react": ">=16.8.0"
    "@types/supercluster": ^7.1.0
    dequal: ^2.0.3
    maplibre-gl: ^3.3.0
    prettier: ^3.0.2
    react: ^18.2.0
    react-map-gl: ^7.1.5
    supercluster: ^8.0.1
    typescript: ^5.2.2
  peerDependencies:
    mapbox-gl: "*"
    maplibre-gl: "*"
    react: ">=16.8.0"
    react-dom: "*"
    react-map-gl: ^7
  peerDependenciesMeta:
    mapbox-gl:
      optional: true
    maplibre-gl:
      optional: true
  languageName: unknown
  linkType: soft

"react-map-gl@npm:^7.1.5":
  version: 7.1.5
  resolution: "react-map-gl@npm:7.1.5"
  dependencies:
    "@maplibre/maplibre-gl-style-spec": ^19.2.1
    "@types/mapbox-gl": ">=1.0.0"
  peerDependencies:
    mapbox-gl: ">=1.13.0"
    maplibre-gl: ">=1.13.0"
    react: ">=16.3.0"
    react-dom: ">=16.3.0"
  peerDependenciesMeta:
    mapbox-gl:
      optional: true
    maplibre-gl:
      optional: true
  checksum: a792ff693a071b9b4dead4d5a07957854887ca0af5d7de6e345d138b8a5a1908c64d20606a29b1f15375d892d870cfc9cef547d81ff61788436efca415755361
  languageName: node
  linkType: hard

"react@npm:^18.2.0":
  version: 18.2.0
  resolution: "react@npm:18.2.0"
  dependencies:
    loose-envify: ^1.1.0
  checksum: 88e38092da8839b830cda6feef2e8505dec8ace60579e46aa5490fc3dc9bba0bd50336507dc166f43e3afc1c42939c09fe33b25fae889d6f402721dcd78fca1b
  languageName: node
  linkType: hard

"resolve-protobuf-schema@npm:^2.1.0":
  version: 2.1.0
  resolution: "resolve-protobuf-schema@npm:2.1.0"
  dependencies:
    protocol-buffers-schema: ^3.3.1
  checksum: 88fffab2a3757888884a36f9aa4e24be5186b01820a8c26297dc1ce406b9daf776594926bdf524c2c8e8e5b0aba8ac48362b6584cdecc9a7083215ebca01c599
  languageName: node
  linkType: hard

"rw@npm:^1.3.3":
  version: 1.3.3
  resolution: "rw@npm:1.3.3"
  checksum: c20d82421f5a71c86a13f76121b751553a99cd4a70ea27db86f9b23f33db941f3f06019c30f60d50c356d0bd674c8e74764ac146ea55e217c091bde6fba82aa3
  languageName: node
  linkType: hard

"set-value@npm:^2.0.1":
  version: 2.0.1
  resolution: "set-value@npm:2.0.1"
  dependencies:
    extend-shallow: ^2.0.1
    is-extendable: ^0.1.1
    is-plain-object: ^2.0.3
    split-string: ^3.0.1
  checksum: 09a4bc72c94641aeae950eb60dc2755943b863780fcc32e441eda964b64df5e3f50603d5ebdd33394ede722528bd55ed43aae26e9df469b4d32e2292b427b601
  languageName: node
  linkType: hard

"sort-asc@npm:^0.2.0":
  version: 0.2.0
  resolution: "sort-asc@npm:0.2.0"
  checksum: b3610ab695dc8b2cba1c3e6ead06ce97a41f013ed0a002ff7a0d2a39ca297fd2f58c92d3de67dda3a9313ecb1073de4eacc30da3a740ff8d57eb668c9bb151bd
  languageName: node
  linkType: hard

"sort-desc@npm:^0.2.0":
  version: 0.2.0
  resolution: "sort-desc@npm:0.2.0"
  checksum: fb2c02ea38815c79c0127d014f18926a473a1988c01f4c00de467584b99fc7e9f6e4f61c8386f4c2ac3501c60842931c5a499330b3086be6d8cff4d0b8602bed
  languageName: node
  linkType: hard

"sort-object@npm:^3.0.3":
  version: 3.0.3
  resolution: "sort-object@npm:3.0.3"
  dependencies:
    bytewise: ^1.1.0
    get-value: ^2.0.2
    is-extendable: ^0.1.1
    sort-asc: ^0.2.0
    sort-desc: ^0.2.0
    union-value: ^1.0.1
  checksum: 381a6b6fe2309d400bd6ae3a8d0188b2b3b3855345d16d953b4bb5875d28fd5512501c85bd4eb951543056cd3095ff8e197ab3efc11389dcfa0e3334bf4a23a5
  languageName: node
  linkType: hard

"split-string@npm:^3.0.1":
  version: 3.1.0
  resolution: "split-string@npm:3.1.0"
  dependencies:
    extend-shallow: ^3.0.0
  checksum: ae5af5c91bdc3633628821bde92fdf9492fa0e8a63cf6a0376ed6afde93c701422a1610916f59be61972717070119e848d10dfbbd5024b7729d6a71972d2a84c
  languageName: node
  linkType: hard

"supercluster@npm:^8.0.1":
  version: 8.0.1
  resolution: "supercluster@npm:8.0.1"
  dependencies:
    kdbush: ^4.0.2
  checksum: 39d141f768a511efa53260252f9dab9a2ce0228b334e55482c8d3019e151932f05e1a9a0252d681737651b13c741c665542a6ddb40ec27de96159ea7ad41f7f4
  languageName: node
  linkType: hard

"tinyqueue@npm:^2.0.3":
  version: 2.0.3
  resolution: "tinyqueue@npm:2.0.3"
  checksum: 0b6bda46b680dca072f84aef1acd22a7085a2ff2aa8e222bb41045c61a056943805056d77d7f976587ed6a0597872beb5c416043f65f0314304432d6c178dd20
  languageName: node
  linkType: hard

"typescript@npm:^5.2.2":
  version: 5.2.2
  resolution: "typescript@npm:5.2.2"
  bin:
    tsc: bin/tsc
    tsserver: bin/tsserver
  checksum: 7912821dac4d962d315c36800fe387cdc0a6298dba7ec171b350b4a6e988b51d7b8f051317786db1094bd7431d526b648aba7da8236607febb26cf5b871d2d3c
  languageName: node
  linkType: hard

"typescript@patch:typescript@^5.2.2#~builtin<compat/typescript>":
  version: 5.2.2
  resolution: "typescript@patch:typescript@npm%3A5.2.2#~builtin<compat/typescript>::version=5.2.2&hash=f3b441"
  bin:
    tsc: bin/tsc
    tsserver: bin/tsserver
  checksum: 0f4da2f15e6f1245e49db15801dbee52f2bbfb267e1c39225afdab5afee1a72839cd86000e65ee9d7e4dfaff12239d28beaf5ee431357fcced15fb08583d72ca
  languageName: node
  linkType: hard

"typewise-core@npm:^1.2, typewise-core@npm:^1.2.0":
  version: 1.2.0
  resolution: "typewise-core@npm:1.2.0"
  checksum: c21e83544546d1aba2f17377c25ae0eb571c2153b2e3705932515bef103dbe43e05d2286f238ad139341b1000da40583115a44cb5e69a2ef408572b13dab844b
  languageName: node
  linkType: hard

"typewise@npm:^1.0.3":
  version: 1.0.3
  resolution: "typewise@npm:1.0.3"
  dependencies:
    typewise-core: ^1.2.0
  checksum: eb3452b1387df8bf8e3b620720d240425a50ce402d7c064c21ac4b5d88c551ee4d1f26cd649b8a17a6d06f7a3675733de841723f8e06bb3edabfeacc4924af4a
  languageName: node
  linkType: hard

"union-value@npm:^1.0.1":
  version: 1.0.1
  resolution: "union-value@npm:1.0.1"
  dependencies:
    arr-union: ^3.1.0
    get-value: ^2.0.6
    is-extendable: ^0.1.1
    set-value: ^2.0.1
  checksum: a3464097d3f27f6aa90cf103ed9387541bccfc006517559381a10e0dffa62f465a9d9a09c9b9c3d26d0f4cbe61d4d010e2fbd710fd4bf1267a768ba8a774b0ba
  languageName: node
  linkType: hard

"vt-pbf@npm:^3.1.3":
  version: 3.1.3
  resolution: "vt-pbf@npm:3.1.3"
  dependencies:
    "@mapbox/point-geometry": 0.1.0
    "@mapbox/vector-tile": ^1.3.1
    pbf: ^3.2.1
  checksum: 83375b7ffe2e92ab2a4c9924cf2cd80e311b38e9e616c244656140a76090c037c55a1b1379b234cb6567444f32e9cb40fd2c5b6e555ffff4330feba56250f90c
  languageName: node
  linkType: hard

"which@npm:^1.3.1":
  version: 1.3.1
  resolution: "which@npm:1.3.1"
  dependencies:
    isexe: ^2.0.0
  bin:
    which: ./bin/which
  checksum: f2e185c6242244b8426c9df1510e86629192d93c1a986a7d2a591f2c24869e7ffd03d6dac07ca863b2e4c06f59a4cc9916c585b72ee9fa1aa609d0124df15e04
  languageName: node
  linkType: hard
